
Microsoft Visual Studio Solution File, Format Version 12.00
# Visual Studio Version 17
VisualStudioVersion = 17.5.33530.505
MinimumVisualStudioVersion = 10.0.40219.1
Project("{FAE04EC0-301F-11D3-BF4B-00C04F79EFBC}") = "ControleClientes.Tests", "ControleClientes.Tests.csproj", "{F596706F-0E02-4B00-8EF3-1A6B1908395C}"
EndProject
Global
	GlobalSection(SolutionConfigurationPlatforms) = preSolution
		Debug|Any CPU = Debug|Any CPU
		Release|Any CPU = Release|Any CPU
	EndGlobalSection
	GlobalSection(ProjectConfigurationPlatforms) = postSolution
		{F596706F-0E02-4B00-8EF3-1A6B1908395C}.Debug|Any CPU.ActiveCfg = Debug|Any CPU
		{F596706F-0E02-4B00-8EF3-1A6B1908395C}.Debug|Any CPU.Build.0 = Debug|Any CPU
		{F596706F-0E02-4B00-8EF3-1A6B1908395C}.Release|Any CPU.ActiveCfg = Release|Any CPU
		{F596706F-0E02-4B00-8EF3-1A6B1908395C}.Release|Any CPU.Build.0 = Release|Any CPU
	EndGlobalSection
	GlobalSection(SolutionProperties) = preSolution
		HideSolutionNode = FALSE
	EndGlobalSection
	GlobalSection(ExtensibilityGlobals) = postSolution
		SolutionGuid = {DA6C22E2-58E0-4C30-B049-1F2ADB2B7D77}
	EndGlobalSection
EndGlobal
